
Microsoft Visual Studio Solution File, Format Version 12.00
# Visual Studio Version 16
VisualStudioVersion = 16.0.30611.23
MinimumVisualStudioVersion = 10.0.40219.1
Project("{FAE04EC0-301F-11D3-BF4B-00C04F79EFBC}") = "FraudDetection", "FraudDetection\FraudDetection.csproj", "{7427353C-F1AB-4770-AD82-D9933A5DF9C4}"
EndProject
Global
	GlobalSection(SolutionConfigurationPlatforms) = preSolution
		Debug|Any CPU = Debug|Any CPU
		Release|Any CPU = Release|Any CPU
	EndGlobalSection
	GlobalSection(ProjectConfigurationPlatforms) = postSolution
		{7427353C-F1AB-4770-AD82-D9933A5DF9C4}.Debug|Any CPU.ActiveCfg = Debug|Any CPU
		{7427353C-F1AB-4770-AD82-D9933A5DF9C4}.Debug|Any CPU.Build.0 = Debug|Any CPU
		{7427353C-F1AB-4770-AD82-D9933A5DF9C4}.Release|Any CPU.ActiveCfg = Release|Any CPU
		{7427353C-F1AB-4770-AD82-D9933A5DF9C4}.Release|Any CPU.Build.0 = Release|Any CPU
	EndGlobalSection
	GlobalSection(SolutionProperties) = preSolution
		HideSolutionNode = FALSE
	EndGlobalSection
	GlobalSection(ExtensibilityGlobals) = postSolution
		SolutionGuid = {A65AC391-65D0-4020-AEBA-6ADF5D25FDBA}
	EndGlobalSection
EndGlobal
